// !$*UTF8*$!
{
	archiveVersion = 1;
	classes = {
	};
	objectVersion = 77;
	objects = {

/* Begin PBXBuildFile section */
		3A8364D22E42947C00656B34 /* GoogleService-Info.plist in Resources */ = {isa = PBXBuildFile; fileRef = 3A8364D12E42947C00656B34 /* GoogleService-Info.plist */; };
		3A8364DE2E4299C500656B34 /* FirebaseAI in Frameworks */ = {isa = PBXBuildFile; productRef = 3A8364DD2E4299C500656B34 /* FirebaseAI */; };
		3A8364E02E4299C500656B34 /* FirebaseAnalytics in Frameworks */ = {isa = PBXBuildFile; productRef = 3A8364DF2E4299C500656B34 /* FirebaseAnalytics */; };
		3A8364E22E4299C500656B34 /* FirebaseAuth in Frameworks */ = {isa = PBXBuildFile; productRef = 3A8364E12E4299C500656B34 /* FirebaseAuth */; };
		3A8364E42E4299C500656B34 /* FirebaseFirestore in Frameworks */ = {isa = PBXBuildFile; productRef = 3A8364E32E4299C500656B34 /* FirebaseFirestore */; };
		3A9A6A952E49008700144ADE /* GoogleSignIn in Frameworks */ = {isa = PBXBuildFile; productRef = 3A9A6A942E49008700144ADE /* GoogleSignIn */; };
		3A9A6A972E49008700144ADE /* GoogleSignInSwift in Frameworks */ = {isa = PBXBuildFile; productRef = 3A9A6A962E49008700144ADE /* GoogleSignInSwift */; };
/* End PBXBuildFile section */

/* Begin PBXContainerItemProxy section */
		3A8363372E40E59F00656B34 /* PBXContainerItemProxy */ = {
			isa = PBXContainerItemProxy;
			containerPortal = 3A8363212E40E59D00656B34 /* Project object */;
			proxyType = 1;
			remoteGlobalIDString = 3A8363282E40E59D00656B34;
			remoteInfo = FamilyPlannerApp;
		};
		3A8363412E40E59F00656B34 /* PBXContainerItemProxy */ = {
			isa = PBXContainerItemProxy;
			containerPortal = 3A8363212E40E59D00656B34 /* Project object */;
			proxyType = 1;
			remoteGlobalIDString = 3A8363282E40E59D00656B34;
			remoteInfo = FamilyPlannerApp;
		};
/* End PBXContainerItemProxy section */

/* Begin PBXFileReference section */
		3A8363292E40E59D00656B34 /* FamilyPlannerApp.app */ = {isa = PBXFileReference; explicitFileType = wrapper.application; includeInIndex = 0; path = FamilyPlannerApp.app; sourceTree = BUILT_PRODUCTS_DIR; };
		3A8363362E40E59F00656B34 /* FamilyPlannerAppTests.xctest */ = {isa = PBXFileReference; explicitFileType = wrapper.cfbundle; includeInIndex = 0; path = FamilyPlannerAppTests.xctest; sourceTree = BUILT_PRODUCTS_DIR; };
		3A8363402E40E59F00656B34 /* FamilyPlannerAppUITests.xctest */ = {isa = PBXFileReference; explicitFileType = wrapper.cfbundle; includeInIndex = 0; path = FamilyPlannerAppUITests.xctest; sourceTree = BUILT_PRODUCTS_DIR; };
		3A8364D12E42947C00656B34 /* GoogleService-Info.plist */ = {isa = PBXFileReference; lastKnownFileType = text.plist.xml; path = "GoogleService-Info.plist"; sourceTree = "<group>"; };
/* End PBXFileReference section */

/* Begin PBXFileSystemSynchronizedBuildFileExceptionSet section */
		3A57FAF32E47A8B10014BE61 /* Exceptions for "FamilyPlannerApp" folder in "FamilyPlannerApp" target */ = {
			isa = PBXFileSystemSynchronizedBuildFileExceptionSet;
			membershipExceptions = (
				Info.plist,
			);
			target = 3A8363282E40E59D00656B34 /* FamilyPlannerApp */;
		};
/* End PBXFileSystemSynchronizedBuildFileExceptionSet section */

/* Begin PBXFileSystemSynchronizedRootGroup section */
		3A83632B2E40E59D00656B34 /* FamilyPlannerApp */ = {
			isa = PBXFileSystemSynchronizedRootGroup;
			exceptions = (
				3A57FAF32E47A8B10014BE61 /* Exceptions for "FamilyPlannerApp" folder in "FamilyPlannerApp" target */,
			);
			path = FamilyPlannerApp;
			sourceTree = "<group>";
		};
		3A8363392E40E59F00656B34 /* FamilyPlannerAppTests */ = {
			isa = PBXFileSystemSynchronizedRootGroup;
			path = FamilyPlannerAppTests;
			sourceTree = "<group>";
		};
		3A8363432E40E59F00656B34 /* FamilyPlannerAppUITests */ = {
			isa = PBXFileSystemSynchronizedRootGroup;
			path = FamilyPlannerAppUITests;
			sourceTree = "<group>";
		};
/* End PBXFileSystemSynchronizedRootGroup section */

/* Begin PBXFrameworksBuildPhase section */
		3A8363262E40E59D00656B34 /* Frameworks */ = {
			isa = PBXFrameworksBuildPhase;
			buildActionMask = 2147483647;
			files = (
				3A9A6A952E49008700144ADE /* GoogleSignIn in Frameworks */,
				3A8364E02E4299C500656B34 /* FirebaseAnalytics in Frameworks */,
				3A8364E42E4299C500656B34 /* FirebaseFirestore in Frameworks */,
				3A9A6A972E49008700144ADE /* GoogleSignInSwift in Frameworks */,
				3A8364E22E4299C500656B34 /* FirebaseAuth in Frameworks */,
				3A8364DE2E4299C500656B34 /* FirebaseAI in Frameworks */,
			);
			runOnlyForDeploymentPostprocessing = 0;
		};
		3A8363332E40E59F00656B34 /* Frameworks */ = {
			isa = PBXFrameworksBuildPhase;
			buildActionMask = 2147483647;
			files = (
			);
			runOnlyForDeploymentPostprocessing = 0;
		};
		3A83633D2E40E59F00656B34 /* Frameworks */ = {
			isa = PBXFrameworksBuildPhase;
			buildActionMask = 2147483647;
			files = (
			);
			runOnlyForDeploymentPostprocessing = 0;
		};
/* End PBXFrameworksBuildPhase section */

/* Begin PBXGroup section */
		3A8363202E40E59D00656B34 = {
			isa = PBXGroup;
			children = (
				3A83632B2E40E59D00656B34 /* FamilyPlannerApp */,
				3A8363392E40E59F00656B34 /* FamilyPlannerAppTests */,
				3A8363432E40E59F00656B34 /* FamilyPlannerAppUITests */,
				3A83632A2E40E59D00656B34 /* Products */,
				3A8364D12E42947C00656B34 /* GoogleService-Info.plist */,
			);
			sourceTree = "<group>";
		};
		3A83632A2E40E59D00656B34 /* Products */ = {
			isa = PBXGroup;
			children = (
				3A8363292E40E59D00656B34 /* FamilyPlannerApp.app */,
				3A8363362E40E59F00656B34 /* FamilyPlannerAppTests.xctest */,
				3A8363402E40E59F00656B34 /* FamilyPlannerAppUITests.xctest */,
			);
			name = Products;
			sourceTree = "<group>";
		};
/* End PBXGroup section */

/* Begin PBXNativeTarget section */
		3A8363282E40E59D00656B34 /* FamilyPlannerApp */ = {
			isa = PBXNativeTarget;
			buildConfigurationList = 3A83634A2E40E59F00656B34 /* Build configuration list for PBXNativeTarget "FamilyPlannerApp" */;
			buildPhases = (
				3A8363252E40E59D00656B34 /* Sources */,
				3A8363262E40E59D00656B34 /* Frameworks */,
				3A8363272E40E59D00656B34 /* Resources */,
			);
			buildRules = (
			);
			dependencies = (
			);
			fileSystemSynchronizedGroups = (
				3A83632B2E40E59D00656B34 /* FamilyPlannerApp */,
			);
			name = FamilyPlannerApp;
			packageProductDependencies = (
				3A8364DD2E4299C500656B34 /* FirebaseAI */,
				3A8364DF2E4299C500656B34 /* FirebaseAnalytics */,
				3A8364E12E4299C500656B34 /* FirebaseAuth */,
				3A8364E32E4299C500656B34 /* FirebaseFirestore */,
				3A9A6A942E49008700144ADE /* GoogleSignIn */,
				3A9A6A962E49008700144ADE /* GoogleSignInSwift */,
			);
			productName = FamilyPlannerApp;
			productReference = 3A8363292E40E59D00656B34 /* FamilyPlannerApp.app */;
			productType = "com.apple.product-type.application";
		};
		3A8363352E40E59F00656B34 /* FamilyPlannerAppTests */ = {
			isa = PBXNativeTarget;
			buildConfigurationList = 3A83634D2E40E59F00656B34 /* Build configuration list for PBXNativeTarget "FamilyPlannerAppTests" */;
			buildPhases = (
				3A8363322E40E59F00656B34 /* Sources */,
				3A8363332E40E59F00656B34 /* Frameworks */,
				3A8363342E40E59F00656B34 /* Resources */,
			);
			buildRules = (
			);
			dependencies = (
				3A8363382E40E59F00656B34 /* PBXTargetDependency */,
			);
			fileSystemSynchronizedGroups = (
				3A8363392E40E59F00656B34 /* FamilyPlannerAppTests */,
			);
			name = FamilyPlannerAppTests;
			packageProductDependencies = (
			);
			productName = FamilyPlannerAppTests;
			productReference = 3A8363362E40E59F00656B34 /* FamilyPlannerAppTests.xctest */;
			productType = "com.apple.product-type.bundle.unit-test";
		};
		3A83633F2E40E59F00656B34 /* FamilyPlannerAppUITests */ = {
			isa = PBXNativeTarget;
			buildConfigurationList = 3A8363502E40E59F00656B34 /* Build configuration list for PBXNativeTarget "FamilyPlannerAppUITests" */;
			buildPhases = (
				3A83633C2E40E59F00656B34 /* Sources */,
				3A83633D2E40E59F00656B34 /* Frameworks */,
				3A83633E2E40E59F00656B34 /* Resources */,
			);
			buildRules = (
			);
			dependencies = (
				3A8363422E40E59F00656B34 /* PBXTargetDependency */,
			);
			fileSystemSynchronizedGroups = (
				3A8363432E40E59F00656B34 /* FamilyPlannerAppUITests */,
			);
			name = FamilyPlannerAppUITests;
			packageProductDependencies = (
			);
			productName = FamilyPlannerAppUITests;
			productReference = 3A8363402E40E59F00656B34 /* FamilyPlannerAppUITests.xctest */;
			productType = "com.apple.product-type.bundle.ui-testing";
		};
/* End PBXNativeTarget section */

/* Begin PBXProject section */
		3A8363212E40E59D00656B34 /* Project object */ = {
			isa = PBXProject;
			attributes = {
				BuildIndependentTargetsInParallel = 1;
				LastSwiftUpdateCheck = 1640;
				LastUpgradeCheck = 1640;
				TargetAttributes = {
					3A8363282E40E59D00656B34 = {
						CreatedOnToolsVersion = 16.4;
					};
					3A8363352E40E59F00656B34 = {
						CreatedOnToolsVersion = 16.4;
						TestTargetID = 3A8363282E40E59D00656B34;
					};
					3A83633F2E40E59F00656B34 = {
						CreatedOnToolsVersion = 16.4;
						TestTargetID = 3A8363282E40E59D00656B34;
					};
				};
			};
			buildConfigurationList = 3A8363242E40E59D00656B34 /* Build configuration list for PBXProject "FamilyPlannerApp" */;
			developmentRegion = en;
			hasScannedForEncodings = 0;
			knownRegions = (
				en,
				Base,
			);
			mainGroup = 3A8363202E40E59D00656B34;
			minimizedProjectReferenceProxies = 1;
			packageReferences = (
				3A8364DC2E4299C500656B34 /* XCRemoteSwiftPackageReference "firebase-ios-sdk" */,
				3A9A6A932E49008700144ADE /* XCRemoteSwiftPackageReference "GoogleSignIn-ios" */,
			);
			preferredProjectObjectVersion = 77;
			productRefGroup = 3A83632A2E40E59D00656B34 /* Products */;
			projectDirPath = "";
			projectRoot = "";
			targets = (
				3A8363282E40E59D00656B34 /* FamilyPlannerApp */,
				3A8363352E40E59F00656B34 /* FamilyPlannerAppTests */,
				3A83633F2E40E59F00656B34 /* FamilyPlannerAppUITests */,
			);
		};
/* End PBXProject section */

/* Begin PBXResourcesBuildPhase section */
		3A8363272E40E59D00656B34 /* Resources */ = {
			isa = PBXResourcesBuildPhase;
			buildActionMask = 2147483647;
			files = (
				3A8364D22E42947C00656B34 /* GoogleService-Info.plist in Resources */,
			);
			runOnlyForDeploymentPostprocessing = 0;
		};
		3A8363342E40E59F00656B34 /* Resources */ = {
			isa = PBXResourcesBuildPhase;
			buildActionMask = 2147483647;
			files = (
			);
			runOnlyForDeploymentPostprocessing = 0;
		};
		3A83633E2E40E59F00656B34 /* Resources */ = {
			isa = PBXResourcesBuildPhase;
			buildActionMask = 2147483647;
			files = (
			);
			runOnlyForDeploymentPostprocessing = 0;
		};
/* End PBXResourcesBuildPhase section */

/* Begin PBXSourcesBuildPhase section */
		3A8363252E40E59D00656B34 /* Sources */ = {
			isa = PBXSourcesBuildPhase;
			buildActionMask = 2147483647;
			files = (
			);
			runOnlyForDeploymentPostprocessing = 0;
		};
		3A8363322E40E59F00656B34 /* Sources */ = {
			isa = PBXSourcesBuildPhase;
			buildActionMask = 2147483647;
			files = (
			);
			runOnlyForDeploymentPostprocessing = 0;
		};
		3A83633C2E40E59F00656B34 /* Sources */ = {
			isa = PBXSourcesBuildPhase;
			buildActionMask = 2147483647;
			files = (
			);
			runOnlyForDeploymentPostprocessing = 0;
		};
/* End PBXSourcesBuildPhase section */

/* Begin PBXTargetDependency section */
		3A8363382E40E59F00656B34 /* PBXTargetDependency */ = {
			isa = PBXTargetDependency;
			target = 3A8363282E40E59D00656B34 /* FamilyPlannerApp */;
			targetProxy = 3A8363372E40E59F00656B34 /* PBXContainerItemProxy */;
		};
		3A8363422E40E59F00656B34 /* PBXTargetDependency */ = {
			isa = PBXTargetDependency;
			target = 3A8363282E40E59D00656B34 /* FamilyPlannerApp */;
			targetProxy = 3A8363412E40E59F00656B34 /* PBXContainerItemProxy */;
		};
/* End PBXTargetDependency section */

/* Begin XCBuildConfiguration section */
		3A8363482E40E59F00656B34 /* Debug */ = {
			isa = XCBuildConfiguration;
			buildSettings = {
				ALWAYS_SEARCH_USER_PATHS = NO;
				ASSETCATALOG_COMPILER_GENERATE_SWIFT_ASSET_SYMBOL_EXTENSIONS = YES;
				CLANG_ANALYZER_NONNULL = YES;
				CLANG_ANALYZER_NUMBER_OBJECT_CONVERSION = YES_AGGRESSIVE;
				CLANG_CXX_LANGUAGE_STANDARD = "gnu++20";
				CLANG_ENABLE_MODULES = YES;
				CLANG_ENABLE_OBJC_ARC = YES;
				CLANG_ENABLE_OBJC_WEAK = YES;
				CLANG_WARN_BLOCK_CAPTURE_AUTORELEASING = YES;
				CLANG_WARN_BOOL_CONVERSION = YES;
				CLANG_WARN_COMMA = YES;
				CLANG_WARN_CONSTANT_CONVERSION = YES;
				CLANG_WARN_DEPRECATED_OBJC_IMPLEMENTATIONS = YES;
				CLANG_WARN_DIRECT_OBJC_ISA_USAGE = YES_ERROR;
				CLANG_WARN_DOCUMENTATION_COMMENTS = YES;
				CLANG_WARN_EMPTY_BODY = YES;
				CLANG_WARN_ENUM_CONVERSION = YES;
				CLANG_WARN_INFINITE_RECURSION = YES;
				CLANG_WARN_INT_CONVERSION = YES;
				CLANG_WARN_NON_LITERAL_NULL_CONVERSION = YES;
				CLANG_WARN_OBJC_IMPLICIT_RETAIN_SELF = YES;
				CLANG_WARN_OBJC_LITERAL_CONVERSION = YES;
				CLANG_WARN_OBJC_ROOT_CLASS = YES_ERROR;
				CLANG_WARN_QUOTED_INCLUDE_IN_FRAMEWORK_HEADER = YES;
				CLANG_WARN_RANGE_LOOP_ANALYSIS = YES;
				CLANG_WARN_STRICT_PROTOTYPES = YES;
				CLANG_WARN_SUSPICIOUS_MOVE = YES;
				CLANG_WARN_UNGUARDED_AVAILABILITY = YES_AGGRESSIVE;
				CLANG_WARN_UNREACHABLE_CODE = YES;
				CLANG_WARN__DUPLICATE_METHOD_MATCH = YES;
				COPY_PHASE_STRIP = NO;
				DEBUG_INFORMATION_FORMAT = dwarf;
				ENABLE_STRICT_OBJC_MSGSEND = YES;
				ENABLE_TESTABILITY = YES;
				ENABLE_USER_SCRIPT_SANDBOXING = YES;
				GCC_C_LANGUAGE_STANDARD = gnu17;
				GCC_DYNAMIC_NO_PIC = NO;
				GCC_NO_COMMON_BLOCKS = YES;
				GCC_OPTIMIZATION_LEVEL = 0;
				GCC_PREPROCESSOR_DEFINITIONS = (
					"DEBUG=1",
					"$(inherited)",
				);
				GCC_WARN_64_TO_32_BIT_CONVERSION = YES;
				GCC_WARN_ABOUT_RETURN_TYPE = YES_ERROR;
				GCC_WARN_UNDECLARED_SELECTOR = YES;
				GCC_WARN_UNINITIALIZED_AUTOS = YES_AGGRESSIVE;
				GCC_WARN_UNUSED_FUNCTION = YES;
				GCC_WARN_UNUSED_VARIABLE = YES;
				IPHONEOS_DEPLOYMENT_TARGET = 18.5;
				LOCALIZATION_PREFERS_STRING_CATALOGS = YES;
				MTL_ENABLE_DEBUG_INFO = INCLUDE_SOURCE;
				MTL_FAST_MATH = YES;
				ONLY_ACTIVE_ARCH = YES;
				SDKROOT = iphoneos;
				SWIFT_ACTIVE_COMPILATION_CONDITIONS = "DEBUG $(inherited)";
				SWIFT_OPTIMIZATION_LEVEL = "-Onone";
			};
			name = Debug;
		};
		3A8363492E40E59F00656B34 /* Release */ = {
			isa = XCBuildConfiguration;
			buildSettings = {
				ALWAYS_SEARCH_USER_PATHS = NO;
				ASSETCATALOG_COMPILER_GENERATE_SWIFT_ASSET_SYMBOL_EXTENSIONS = YES;
				CLANG_ANALYZER_NONNULL = YES;
				CLANG_ANALYZER_NUMBER_OBJECT_CONVERSION = YES_AGGRESSIVE;
				CLANG_CXX_LANGUAGE_STANDARD = "gnu++20";
				CLANG_ENABLE_MODULES = YES;
				CLANG_ENABLE_OBJC_ARC = YES;
				CLANG_ENABLE_OBJC_WEAK = YES;
				CLANG_WARN_BLOCK_CAPTURE_AUTORELEASING = YES;
				CLANG_WARN_BOOL_CONVERSION = YES;
				CLANG_WARN_COMMA = YES;
				CLANG_WARN_CONSTANT_CONVERSION = YES;
				CLANG_WARN_DEPRECATED_OBJC_IMPLEMENTATIONS = YES;
				CLANG_WARN_DIRECT_OBJC_ISA_USAGE = YES_ERROR;
				CLANG_WARN_DOCUMENTATION_COMMENTS = YES;
				CLANG_WARN_EMPTY_BODY = YES;
				CLANG_WARN_ENUM_CONVERSION = YES;
				CLANG_WARN_INFINITE_RECURSION = YES;
				CLANG_WARN_INT_CONVERSION = YES;
				CLANG_WARN_NON_LITERAL_NULL_CONVERSION = YES;
				CLANG_WARN_OBJC_IMPLICIT_RETAIN_SELF = YES;
				CLANG_WARN_OBJC_LITERAL_CONVERSION = YES;
				CLANG_WARN_OBJC_ROOT_CLASS = YES_ERROR;
				CLANG_WARN_QUOTED_INCLUDE_IN_FRAMEWORK_HEADER = YES;
				CLANG_WARN_RANGE_LOOP_ANALYSIS = YES;
				CLANG_WARN_STRICT_PROTOTYPES = YES;
				CLANG_WARN_SUSPICIOUS_MOVE = YES;
				CLANG_WARN_UNGUARDED_AVAILABILITY = YES_AGGRESSIVE;
				CLANG_WARN_UNREACHABLE_CODE = YES;
				CLANG_WARN__DUPLICATE_METHOD_MATCH = YES;
				COPY_PHASE_STRIP = NO;
				DEBUG_INFORMATION_FORMAT = "dwarf-with-dsym";
				ENABLE_NS_ASSERTIONS = NO;
				ENABLE_STRICT_OBJC_MSGSEND = YES;
				ENABLE_USER_SCRIPT_SANDBOXING = YES;
				GCC_C_LANGUAGE_STANDARD = gnu17;
				GCC_NO_COMMON_BLOCKS = YES;
				GCC_WARN_64_TO_32_BIT_CONVERSION = YES;
				GCC_WARN_ABOUT_RETURN_TYPE = YES_ERROR;
				GCC_WARN_UNDECLARED_SELECTOR = YES;
				GCC_WARN_UNINITIALIZED_AUTOS = YES_AGGRESSIVE;
				GCC_WARN_UNUSED_FUNCTION = YES;
				GCC_WARN_UNUSED_VARIABLE = YES;
				IPHONEOS_DEPLOYMENT_TARGET = 18.5;
				LOCALIZATION_PREFERS_STRING_CATALOGS = YES;
				MTL_ENABLE_DEBUG_INFO = NO;
				MTL_FAST_MATH = YES;
				SDKROOT = iphoneos;
				SWIFT_COMPILATION_MODE = wholemodule;
				VALIDATE_PRODUCT = YES;
			};
			name = Release;
		};
		3A83634B2E40E59F00656B34 /* Debug */ = {
			isa = XCBuildConfiguration;
			buildSettings = {
				ASSETCATALOG_COMPILER_APPICON_NAME = AppIcon;
				ASSETCATALOG_COMPILER_GLOBAL_ACCENT_COLOR_NAME = AccentColor;
				CODE_SIGN_ENTITLEMENTS = FamilyPlannerApp/FamilyPlannerApp.entitlements;
				CODE_SIGN_STYLE = Automatic;
				CURRENT_PROJECT_VERSION = 1;
				DEVELOPMENT_TEAM = 2Q6N42G82W;
				ENABLE_PREVIEWS = YES;
				GENERATE_INFOPLIST_FILE = YES;
				INFOPLIST_FILE = FamilyPlannerApp/Info.plist;
				INFOPLIST_KEY_NSLocationAlwaysAndWhenInUseUsageDescription = "“We use your location to show local weather.”";
				INFOPLIST_KEY_NSLocationWhenInUseUsageDescription = "“We use your location to show local weather.”";
				INFOPLIST_KEY_UIApplicationSceneManifest_Generation = YES;
				INFOPLIST_KEY_UIApplicationSupportsIndirectInputEvents = YES;
				INFOPLIST_KEY_UILaunchScreen_Generation = YES;
				INFOPLIST_KEY_UISupportedInterfaceOrientations_iPad = "UIInterfaceOrientationPortrait UIInterfaceOrientationPortraitUpsideDown UIInterfaceOrientationLandscapeLeft UIInterfaceOrientationLandscapeRight";
				INFOPLIST_KEY_UISupportedInterfaceOrientations_iPhone = "UIInterfaceOrientationPortrait UIInterfaceOrientationLandscapeLeft UIInterfaceOrientationLandscapeRight";
				LD_RUNPATH_SEARCH_PATHS = (
					"$(inherited)",
					"@executable_path/Frameworks",
				);
				MARKETING_VERSION = 1.0;
				PRODUCT_BUNDLE_IDENTIFIER = com.digitalgdesigns.FamilyPlannerApp;
				PRODUCT_NAME = "$(TARGET_NAME)";
				SWIFT_EMIT_LOC_STRINGS = YES;
				SWIFT_VERSION = 5.0;
				TARGETED_DEVICE_FAMILY = "1,2";
			};
			name = Debug;
		};
		3A83634C2E40E59F00656B34 /* Release */ = {
			isa = XCBuildConfiguration;
			buildSettings = {
				ASSETCATALOG_COMPILER_APPICON_NAME = AppIcon;
				ASSETCATALOG_COMPILER_GLOBAL_ACCENT_COLOR_NAME = AccentColor;
				CODE_SIGN_ENTITLEMENTS = FamilyPlannerApp/FamilyPlannerApp.entitlements;
				CODE_SIGN_STYLE = Automatic;
				CURRENT_PROJECT_VERSION = 1;
				DEVELOPMENT_TEAM = 2Q6N42G82W;
				ENABLE_PREVIEWS = YES;
				GENERATE_INFOPLIST_FILE = YES;
				INFOPLIST_FILE = FamilyPlannerApp/Info.plist;
				INFOPLIST_KEY_NSLocationAlwaysAndWhenInUseUsageDescription = "“We use your location to show local weather.”";
				INFOPLIST_KEY_NSLocationWhenInUseUsageDescription = "“We use your location to show local weather.”";
				INFOPLIST_KEY_UIApplicationSceneManifest_Generation = YES;
				INFOPLIST_KEY_UIApplicationSupportsIndirectInputEvents = YES;
				INFOPLIST_KEY_UILaunchScreen_Generation = YES;
				INFOPLIST_KEY_UISupportedInterfaceOrientations_iPad = "UIInterfaceOrientationPortrait UIInterfaceOrientationPortraitUpsideDown UIInterfaceOrientationLandscapeLeft UIInterfaceOrientationLandscapeRight";
				INFOPLIST_KEY_UISupportedInterfaceOrientations_iPhone = "UIInterfaceOrientationPortrait UIInterfaceOrientationLandscapeLeft UIInterfaceOrientationLandscapeRight";
				LD_RUNPATH_SEARCH_PATHS = (
					"$(inherited)",
					"@executable_path/Frameworks",
				);
				MARKETING_VERSION = 1.0;
				PRODUCT_BUNDLE_IDENTIFIER = com.digitalgdesigns.FamilyPlannerApp;
				PRODUCT_NAME = "$(TARGET_NAME)";
				SWIFT_EMIT_LOC_STRINGS = YES;
				SWIFT_VERSION = 5.0;
				TARGETED_DEVICE_FAMILY = "1,2";
			};
			name = Release;
		};
		3A83634E2E40E59F00656B34 /* Debug */ = {
			isa = XCBuildConfiguration;
			buildSettings = {
				BUNDLE_LOADER = "$(TEST_HOST)";
				CODE_SIGN_STYLE = Automatic;
				CURRENT_PROJECT_VERSION = 1;
				GENERATE_INFOPLIST_FILE = YES;
				IPHONEOS_DEPLOYMENT_TARGET = 18.5;
				MARKETING_VERSION = 1.0;
				PRODUCT_BUNDLE_IDENTIFIER = com.digitalgdesigns.FamilyPlannerAppTests;
				PRODUCT_NAME = "$(TARGET_NAME)";
				SWIFT_EMIT_LOC_STRINGS = NO;
				SWIFT_VERSION = 5.0;
				TARGETED_DEVICE_FAMILY = "1,2";
				TEST_HOST = "$(BUILT_PRODUCTS_DIR)/FamilyPlannerApp.app/$(BUNDLE_EXECUTABLE_FOLDER_PATH)/FamilyPlannerApp";
			};
			name = Debug;
		};
		3A83634F2E40E59F00656B34 /* Release */ = {
			isa = XCBuildConfiguration;
			buildSettings = {
				BUNDLE_LOADER = "$(TEST_HOST)";
				CODE_SIGN_STYLE = Automatic;
				CURRENT_PROJECT_VERSION = 1;
				GENERATE_INFOPLIST_FILE = YES;
				IPHONEOS_DEPLOYMENT_TARGET = 18.5;
				MARKETING_VERSION = 1.0;
				PRODUCT_BUNDLE_IDENTIFIER = com.digitalgdesigns.FamilyPlannerAppTests;
				PRODUCT_NAME = "$(TARGET_NAME)";
				SWIFT_EMIT_LOC_STRINGS = NO;
				SWIFT_VERSION = 5.0;
				TARGETED_DEVICE_FAMILY = "1,2";
				TEST_HOST = "$(BUILT_PRODUCTS_DIR)/FamilyPlannerApp.app/$(BUNDLE_EXECUTABLE_FOLDER_PATH)/FamilyPlannerApp";
			};
			name = Release;
		};
		3A8363512E40E59F00656B34 /* Debug */ = {
			isa = XCBuildConfiguration;
			buildSettings = {
				CODE_SIGN_STYLE = Automatic;
				CURRENT_PROJECT_VERSION = 1;
				GENERATE_INFOPLIST_FILE = YES;
				MARKETING_VERSION = 1.0;
				PRODUCT_BUNDLE_IDENTIFIER = com.digitalgdesigns.FamilyPlannerAppUITests;
				PRODUCT_NAME = "$(TARGET_NAME)";
				SWIFT_EMIT_LOC_STRINGS = NO;
				SWIFT_VERSION = 5.0;
				TARGETED_DEVICE_FAMILY = "1,2";
				TEST_TARGET_NAME = FamilyPlannerApp;
			};
			name = Debug;
		};
		3A8363522E40E59F00656B34 /* Release */ = {
			isa = XCBuildConfiguration;
			buildSettings = {
				CODE_SIGN_STYLE = Automatic;
				CURRENT_PROJECT_VERSION = 1;
				GENERATE_INFOPLIST_FILE = YES;
				MARKETING_VERSION = 1.0;
				PRODUCT_BUNDLE_IDENTIFIER = com.digitalgdesigns.FamilyPlannerAppUITests;
				PRODUCT_NAME = "$(TARGET_NAME)";
				SWIFT_EMIT_LOC_STRINGS = NO;
				SWIFT_VERSION = 5.0;
				TARGETED_DEVICE_FAMILY = "1,2";
				TEST_TARGET_NAME = FamilyPlannerApp;
			};
			name = Release;
		};
/* End XCBuildConfiguration section */

/* Begin XCConfigurationList section */
		3A8363242E40E59D00656B34 /* Build configuration list for PBXProject "FamilyPlannerApp" */ = {
			isa = XCConfigurationList;
			buildConfigurations = (
				3A8363482E40E59F00656B34 /* Debug */,
				3A8363492E40E59F00656B34 /* Release */,
			);
			defaultConfigurationIsVisible = 0;
			defaultConfigurationName = Release;
		};
		3A83634A2E40E59F00656B34 /* Build configuration list for PBXNativeTarget "FamilyPlannerApp" */ = {
			isa = XCConfigurationList;
			buildConfigurations = (
				3A83634B2E40E59F00656B34 /* Debug */,
				3A83634C2E40E59F00656B34 /* Release */,
			);
			defaultConfigurationIsVisible = 0;
			defaultConfigurationName = Release;
		};
		3A83634D2E40E59F00656B34 /* Build configuration list for PBXNativeTarget "FamilyPlannerAppTests" */ = {
			isa = XCConfigurationList;
			buildConfigurations = (
				3A83634E2E40E59F00656B34 /* Debug */,
				3A83634F2E40E59F00656B34 /* Release */,
			);
			defaultConfigurationIsVisible = 0;
			defaultConfigurationName = Release;
		};
		3A8363502E40E59F00656B34 /* Build configuration list for PBXNativeTarget "FamilyPlannerAppUITests" */ = {
			isa = XCConfigurationList;
			buildConfigurations = (
				3A8363512E40E59F00656B34 /* Debug */,
				3A8363522E40E59F00656B34 /* Release */,
			);
			defaultConfigurationIsVisible = 0;
			defaultConfigurationName = Release;
		};
/* End XCConfigurationList section */

/* Begin XCRemoteSwiftPackageReference section */
		3A8364DC2E4299C500656B34 /* XCRemoteSwiftPackageReference "firebase-ios-sdk" */ = {
			isa = XCRemoteSwiftPackageReference;
			repositoryURL = "https://github.com/firebase/firebase-ios-sdk.git";
			requirement = {
				kind = upToNextMajorVersion;
				minimumVersion = 12.1.0;
			};
		};
		3A9A6A932E49008700144ADE /* XCRemoteSwiftPackageReference "GoogleSignIn-ios" */ = {
			isa = XCRemoteSwiftPackageReference;
			repositoryURL = "https://github.com/google/GoogleSignIn-ios";
			requirement = {
				kind = upToNextMajorVersion;
				minimumVersion = 9.0.0;
			};
		};
/* End XCRemoteSwiftPackageReference section */

/* Begin XCSwiftPackageProductDependency section */
		3A8364DD2E4299C500656B34 /* FirebaseAI */ = {
			isa = XCSwiftPackageProductDependency;
			package = 3A8364DC2E4299C500656B34 /* XCRemoteSwiftPackageReference "firebase-ios-sdk" */;
			productName = FirebaseAI;
		};
		3A8364DF2E4299C500656B34 /* FirebaseAnalytics */ = {
			isa = XCSwiftPackageProductDependency;
			package = 3A8364DC2E4299C500656B34 /* XCRemoteSwiftPackageReference "firebase-ios-sdk" */;
			productName = FirebaseAnalytics;
		};
		3A8364E12E4299C500656B34 /* FirebaseAuth */ = {
			isa = XCSwiftPackageProductDependency;
			package = 3A8364DC2E4299C500656B34 /* XCRemoteSwiftPackageReference "firebase-ios-sdk" */;
			productName = FirebaseAuth;
		};
		3A8364E32E4299C500656B34 /* FirebaseFirestore */ = {
			isa = XCSwiftPackageProductDependency;
			package = 3A8364DC2E4299C500656B34 /* XCRemoteSwiftPackageReference "firebase-ios-sdk" */;
			productName = FirebaseFirestore;
		};
		3A9A6A942E49008700144ADE /* GoogleSignIn */ = {
			isa = XCSwiftPackageProductDependency;
			package = 3A9A6A932E49008700144ADE /* XCRemoteSwiftPackageReference "GoogleSignIn-ios" */;
			productName = GoogleSignIn;
		};
		3A9A6A962E49008700144ADE /* GoogleSignInSwift */ = {
			isa = XCSwiftPackageProductDependency;
			package = 3A9A6A932E49008700144ADE /* XCRemoteSwiftPackageReference "GoogleSignIn-ios" */;
			productName = GoogleSignInSwift;
		};
/* End XCSwiftPackageProductDependency section */
	};
	rootObject = 3A8363212E40E59D00656B34 /* Project object */;
}
